
Microsoft Visual Studio Solution File, Format Version 12.00
# Visual Studio Version 16
VisualStudioVersion = 16.0.29728.190
MinimumVisualStudioVersion = 10.0.40219.1
Project("{9A19103F-16F7-4668-BE54-9A1E7A4F7556}") = "SimsovisionDataBase", "SimsovisionDataBase.csproj", "{6A774E08-9E00-47C4-BEB6-1B8EE1EF7A6F}"
EndProject
Global
	GlobalSection(SolutionConfigurationPlatforms) = preSolution
		Debug|Any CPU = Debug|Any CPU
		Release|Any CPU = Release|Any CPU
	EndGlobalSection
	GlobalSection(ProjectConfigurationPlatforms) = postSolution
		{6A774E08-9E00-47C4-BEB6-1B8EE1EF7A6F}.Debug|Any CPU.ActiveCfg = Debug|Any CPU
		{6A774E08-9E00-47C4-BEB6-1B8EE1EF7A6F}.Debug|Any CPU.Build.0 = Debug|Any CPU
		{6A774E08-9E00-47C4-BEB6-1B8EE1EF7A6F}.Release|Any CPU.ActiveCfg = Release|Any CPU
		{6A774E08-9E00-47C4-BEB6-1B8EE1EF7A6F}.Release|Any CPU.Build.0 = Release|Any CPU
	EndGlobalSection
	GlobalSection(SolutionProperties) = preSolution
		HideSolutionNode = FALSE
	EndGlobalSection
	GlobalSection(ExtensibilityGlobals) = postSolution
		SolutionGuid = {6AD57798-445F-4DDE-94A8-95A89D24E621}
	EndGlobalSection
EndGlobal
